
Microsoft Visual Studio Solution File, Format Version 11.00
# Visual Studio 2010
Project("{4925A630-B079-445d-BCD4-3A9C94FE9307}") = "Lesson39", "Lesson39\Lesson39.fsproj", "{0A9BB6A7-83CD-4FE8-9629-2FF608BA5652}"
EndProject
Global
	GlobalSection(SolutionConfigurationPlatforms) = preSolution
		Debug|x86 = Debug|x86
		Release|x86 = Release|x86
	EndGlobalSection
	GlobalSection(ProjectConfigurationPlatforms) = postSolution
		{0A9BB6A7-83CD-4FE8-9629-2FF608BA5652}.Debug|x86.ActiveCfg = Debug|x86
		{0A9BB6A7-83CD-4FE8-9629-2FF608BA5652}.Debug|x86.Build.0 = Debug|x86
		{0A9BB6A7-83CD-4FE8-9629-2FF608BA5652}.Release|x86.ActiveCfg = Release|x86
		{0A9BB6A7-83CD-4FE8-9629-2FF608BA5652}.Release|x86.Build.0 = Release|x86
	EndGlobalSection
	GlobalSection(MonoDevelopProperties) = preSolution
		StartupItem = Lesson39\Lesson39.fsproj
	EndGlobalSection
EndGlobal
